
Microsoft Visual Studio Solution File, Format Version 12.00
# Visual Studio Version 17
VisualStudioVersion = 17.1.32421.90
MinimumVisualStudioVersion = 10.0.40219.1
Project("{FAE04EC0-301F-11D3-BF4B-00C04F79EFBC}") = "Exercicio15", "Exercicio15\Exercicio15.csproj", "{35C4C4EE-69F7-427D-AD8F-1614C869F1EC}"
EndProject
Global
	GlobalSection(SolutionConfigurationPlatforms) = preSolution
		Debug|Any CPU = Debug|Any CPU
		Release|Any CPU = Release|Any CPU
	EndGlobalSection
	GlobalSection(ProjectConfigurationPlatforms) = postSolution
		{35C4C4EE-69F7-427D-AD8F-1614C869F1EC}.Debug|Any CPU.ActiveCfg = Debug|Any CPU
		{35C4C4EE-69F7-427D-AD8F-1614C869F1EC}.Debug|Any CPU.Build.0 = Debug|Any CPU
		{35C4C4EE-69F7-427D-AD8F-1614C869F1EC}.Release|Any CPU.ActiveCfg = Release|Any CPU
		{35C4C4EE-69F7-427D-AD8F-1614C869F1EC}.Release|Any CPU.Build.0 = Release|Any CPU
	EndGlobalSection
	GlobalSection(SolutionProperties) = preSolution
		HideSolutionNode = FALSE
	EndGlobalSection
	GlobalSection(ExtensibilityGlobals) = postSolution
		SolutionGuid = {EBF852F0-7B72-406A-B255-D86A5CFD3AAF}
	EndGlobalSection
EndGlobal
